
Microsoft Visual Studio Solution File, Format Version 12.00
# Visual Studio Version 16
VisualStudioVersion = 16.0.34729.46
MinimumVisualStudioVersion = 10.0.40219.1
Project("{F184B08F-C81C-45F6-A57F-5ABD9991F28F}") = "EVE Isk per Hour", "EVE Isk per Hour.vbproj", "{51FD6CD9-84DB-4892-800F-4E45B7E79D57}"
EndProject
Project("{F184B08F-C81C-45F6-A57F-5ABD9991F28F}") = "EVEIPH Updater", "EVE-IPH-Update-Program\EVEIPH Updater.vbproj", "{B8C20620-05D1-4EC4-93AC-6080878CB931}"
EndProject
Project("{2150E333-8FDC-42A3-9474-1A3956D46DE8}") = "Solution Items", "Solution Items", "{F0EA99B5-115B-44B1-81BB-838AC9A62AED}"
EndProject
Project("{2150E333-8FDC-42A3-9474-1A3956D46DE8}") = "modern", "modern", "{35005EFD-8179-418E-50B0-107F1AB7D0D4}"
EndProject
Project("{2150E333-8FDC-42A3-9474-1A3956D46DE8}") = "EveIndustryPlanner", "EveIndustryPlanner", "{62C2ACB6-5E8B-BCF3-0D11-149A6A7A939A}"
EndProject
Project("{2150E333-8FDC-42A3-9474-1A3956D46DE8}") = "src", "src", "{7CE697AD-839F-B847-BC0A-F03F91E19E18}"
EndProject
Project("{FAE04EC0-301F-11D3-BF4B-00C04F79EFBC}") = "EveIndustryPlanner.Core", "modern\EveIndustryPlanner\src\EveIndustryPlanner.Core\EveIndustryPlanner.Core.csproj", "{A1935FF9-9743-416C-BD75-70B549DD36D7}"
EndProject
Project("{FAE04EC0-301F-11D3-BF4B-00C04F79EFBC}") = "EveIndustryPlanner.App", "modern\EveIndustryPlanner\src\EveIndustryPlanner.App\EveIndustryPlanner.App.csproj", "{DB053642-E1ED-4C9D-933D-8D4D653C389F}"
EndProject
Project("{2150E333-8FDC-42A3-9474-1A3956D46DE8}") = "tests", "tests", "{1E4AF814-2111-97AC-C2B3-FF6534D48967}"
EndProject
Project("{FAE04EC0-301F-11D3-BF4B-00C04F79EFBC}") = "EveIndustryPlanner.Core.Tests", "modern\EveIndustryPlanner\tests\EveIndustryPlanner.Core.Tests\EveIndustryPlanner.Core.Tests.csproj", "{52651CA3-DEBE-422B-A2D8-90934276295D}"
EndProject
Global
	GlobalSection(SolutionConfigurationPlatforms) = preSolution
		Debug|Any CPU = Debug|Any CPU
		Debug|Itanium = Debug|Itanium
		Debug|x86 = Debug|x86
		Debug|x64 = Debug|x64
		Release|Any CPU = Release|Any CPU
		Release|Itanium = Release|Itanium
		Release|x86 = Release|x86
		Release|x64 = Release|x64
	EndGlobalSection
	GlobalSection(ProjectConfigurationPlatforms) = postSolution
		{51FD6CD9-84DB-4892-800F-4E45B7E79D57}.Debug|Any CPU.ActiveCfg = Debug|x86
		{51FD6CD9-84DB-4892-800F-4E45B7E79D57}.Debug|Any CPU.Build.0 = Debug|x86
		{51FD6CD9-84DB-4892-800F-4E45B7E79D57}.Debug|Itanium.ActiveCfg = Debug|x86
		{51FD6CD9-84DB-4892-800F-4E45B7E79D57}.Debug|Itanium.Build.0 = Debug|x86
		{51FD6CD9-84DB-4892-800F-4E45B7E79D57}.Debug|x86.ActiveCfg = Debug|x86
		{51FD6CD9-84DB-4892-800F-4E45B7E79D57}.Debug|x86.Build.0 = Debug|x86
		{51FD6CD9-84DB-4892-800F-4E45B7E79D57}.Debug|x64.ActiveCfg = Debug|Any CPU
		{51FD6CD9-84DB-4892-800F-4E45B7E79D57}.Debug|x64.Build.0 = Debug|Any CPU
		{51FD6CD9-84DB-4892-800F-4E45B7E79D57}.Release|Any CPU.ActiveCfg = Release|x86
		{51FD6CD9-84DB-4892-800F-4E45B7E79D57}.Release|Any CPU.Build.0 = Release|x86
		{51FD6CD9-84DB-4892-800F-4E45B7E79D57}.Release|Itanium.ActiveCfg = Release|Itanium
		{51FD6CD9-84DB-4892-800F-4E45B7E79D57}.Release|Itanium.Build.0 = Release|Itanium
		{51FD6CD9-84DB-4892-800F-4E45B7E79D57}.Release|x86.ActiveCfg = Release|x86
		{51FD6CD9-84DB-4892-800F-4E45B7E79D57}.Release|x86.Build.0 = Release|x86
		{51FD6CD9-84DB-4892-800F-4E45B7E79D57}.Release|x64.ActiveCfg = Release|Any CPU
		{51FD6CD9-84DB-4892-800F-4E45B7E79D57}.Release|x64.Build.0 = Release|Any CPU
		{B8C20620-05D1-4EC4-93AC-6080878CB931}.Debug|Any CPU.ActiveCfg = Debug|x86
		{B8C20620-05D1-4EC4-93AC-6080878CB931}.Debug|Any CPU.Build.0 = Debug|x86
		{B8C20620-05D1-4EC4-93AC-6080878CB931}.Debug|Itanium.ActiveCfg = Debug|x86
		{B8C20620-05D1-4EC4-93AC-6080878CB931}.Debug|Itanium.Build.0 = Debug|x86
		{B8C20620-05D1-4EC4-93AC-6080878CB931}.Debug|x86.ActiveCfg = Debug|x86
		{B8C20620-05D1-4EC4-93AC-6080878CB931}.Debug|x86.Build.0 = Debug|x86
		{B8C20620-05D1-4EC4-93AC-6080878CB931}.Debug|x64.ActiveCfg = Debug|Any CPU
		{B8C20620-05D1-4EC4-93AC-6080878CB931}.Debug|x64.Build.0 = Debug|Any CPU
		{B8C20620-05D1-4EC4-93AC-6080878CB931}.Release|Any CPU.ActiveCfg = Release|x86
		{B8C20620-05D1-4EC4-93AC-6080878CB931}.Release|Any CPU.Build.0 = Release|x86
		{B8C20620-05D1-4EC4-93AC-6080878CB931}.Release|Itanium.ActiveCfg = Release|x86
		{B8C20620-05D1-4EC4-93AC-6080878CB931}.Release|Itanium.Build.0 = Release|x86
		{B8C20620-05D1-4EC4-93AC-6080878CB931}.Release|x86.ActiveCfg = Release|x86
		{B8C20620-05D1-4EC4-93AC-6080878CB931}.Release|x86.Build.0 = Release|x86
		{B8C20620-05D1-4EC4-93AC-6080878CB931}.Release|x64.ActiveCfg = Release|Any CPU
		{B8C20620-05D1-4EC4-93AC-6080878CB931}.Release|x64.Build.0 = Release|Any CPU
		{A1935FF9-9743-416C-BD75-70B549DD36D7}.Debug|Any CPU.ActiveCfg = Debug|Any CPU
		{A1935FF9-9743-416C-BD75-70B549DD36D7}.Debug|Any CPU.Build.0 = Debug|Any CPU
		{A1935FF9-9743-416C-BD75-70B549DD36D7}.Debug|Itanium.ActiveCfg = Debug|Any CPU
		{A1935FF9-9743-416C-BD75-70B549DD36D7}.Debug|Itanium.Build.0 = Debug|Any CPU
		{A1935FF9-9743-416C-BD75-70B549DD36D7}.Debug|x86.ActiveCfg = Debug|Any CPU
		{A1935FF9-9743-416C-BD75-70B549DD36D7}.Debug|x86.Build.0 = Debug|Any CPU
		{A1935FF9-9743-416C-BD75-70B549DD36D7}.Debug|x64.ActiveCfg = Debug|Any CPU
		{A1935FF9-9743-416C-BD75-70B549DD36D7}.Debug|x64.Build.0 = Debug|Any CPU
		{A1935FF9-9743-416C-BD75-70B549DD36D7}.Release|Any CPU.ActiveCfg = Release|Any CPU
		{A1935FF9-9743-416C-BD75-70B549DD36D7}.Release|Any CPU.Build.0 = Release|Any CPU
		{A1935FF9-9743-416C-BD75-70B549DD36D7}.Release|Itanium.ActiveCfg = Release|Any CPU
		{A1935FF9-9743-416C-BD75-70B549DD36D7}.Release|Itanium.Build.0 = Release|Any CPU
		{A1935FF9-9743-416C-BD75-70B549DD36D7}.Release|x86.ActiveCfg = Release|Any CPU
		{A1935FF9-9743-416C-BD75-70B549DD36D7}.Release|x86.Build.0 = Release|Any CPU
		{A1935FF9-9743-416C-BD75-70B549DD36D7}.Release|x64.ActiveCfg = Release|Any CPU
		{A1935FF9-9743-416C-BD75-70B549DD36D7}.Release|x64.Build.0 = Release|Any CPU
		{DB053642-E1ED-4C9D-933D-8D4D653C389F}.Debug|Any CPU.ActiveCfg = Debug|Any CPU
		{DB053642-E1ED-4C9D-933D-8D4D653C389F}.Debug|Any CPU.Build.0 = Debug|Any CPU
		{DB053642-E1ED-4C9D-933D-8D4D653C389F}.Debug|Itanium.ActiveCfg = Debug|Any CPU
		{DB053642-E1ED-4C9D-933D-8D4D653C389F}.Debug|Itanium.Build.0 = Debug|Any CPU
		{DB053642-E1ED-4C9D-933D-8D4D653C389F}.Debug|x86.ActiveCfg = Debug|Any CPU
		{DB053642-E1ED-4C9D-933D-8D4D653C389F}.Debug|x86.Build.0 = Debug|Any CPU
		{DB053642-E1ED-4C9D-933D-8D4D653C389F}.Debug|x64.ActiveCfg = Debug|Any CPU
		{DB053642-E1ED-4C9D-933D-8D4D653C389F}.Debug|x64.Build.0 = Debug|Any CPU
		{DB053642-E1ED-4C9D-933D-8D4D653C389F}.Release|Any CPU.ActiveCfg = Release|Any CPU
		{DB053642-E1ED-4C9D-933D-8D4D653C389F}.Release|Any CPU.Build.0 = Release|Any CPU
		{DB053642-E1ED-4C9D-933D-8D4D653C389F}.Release|Itanium.ActiveCfg = Release|Any CPU
		{DB053642-E1ED-4C9D-933D-8D4D653C389F}.Release|Itanium.Build.0 = Release|Any CPU
		{DB053642-E1ED-4C9D-933D-8D4D653C389F}.Release|x86.ActiveCfg = Release|Any CPU
		{DB053642-E1ED-4C9D-933D-8D4D653C389F}.Release|x86.Build.0 = Release|Any CPU
		{DB053642-E1ED-4C9D-933D-8D4D653C389F}.Release|x64.ActiveCfg = Release|Any CPU
		{DB053642-E1ED-4C9D-933D-8D4D653C389F}.Release|x64.Build.0 = Release|Any CPU
		{52651CA3-DEBE-422B-A2D8-90934276295D}.Debug|Any CPU.ActiveCfg = Debug|Any CPU
		{52651CA3-DEBE-422B-A2D8-90934276295D}.Debug|Any CPU.Build.0 = Debug|Any CPU
		{52651CA3-DEBE-422B-A2D8-90934276295D}.Debug|Itanium.ActiveCfg = Debug|Any CPU
		{52651CA3-DEBE-422B-A2D8-90934276295D}.Debug|Itanium.Build.0 = Debug|Any CPU
		{52651CA3-DEBE-422B-A2D8-90934276295D}.Debug|x86.ActiveCfg = Debug|Any CPU
		{52651CA3-DEBE-422B-A2D8-90934276295D}.Debug|x86.Build.0 = Debug|Any CPU
		{52651CA3-DEBE-422B-A2D8-90934276295D}.Debug|x64.ActiveCfg = Debug|Any CPU
		{52651CA3-DEBE-422B-A2D8-90934276295D}.Debug|x64.Build.0 = Debug|Any CPU
		{52651CA3-DEBE-422B-A2D8-90934276295D}.Release|Any CPU.ActiveCfg = Release|Any CPU
		{52651CA3-DEBE-422B-A2D8-90934276295D}.Release|Any CPU.Build.0 = Release|Any CPU
		{52651CA3-DEBE-422B-A2D8-90934276295D}.Release|Itanium.ActiveCfg = Release|Any CPU
		{52651CA3-DEBE-422B-A2D8-90934276295D}.Release|Itanium.Build.0 = Release|Any CPU
		{52651CA3-DEBE-422B-A2D8-90934276295D}.Release|x86.ActiveCfg = Release|Any CPU
		{52651CA3-DEBE-422B-A2D8-90934276295D}.Release|x86.Build.0 = Release|Any CPU
		{52651CA3-DEBE-422B-A2D8-90934276295D}.Release|x64.ActiveCfg = Release|Any CPU
		{52651CA3-DEBE-422B-A2D8-90934276295D}.Release|x64.Build.0 = Release|Any CPU
	EndGlobalSection
	GlobalSection(SolutionProperties) = preSolution
		HideSolutionNode = FALSE
	EndGlobalSection
	GlobalSection(NestedProjects) = preSolution
		{62C2ACB6-5E8B-BCF3-0D11-149A6A7A939A} = {35005EFD-8179-418E-50B0-107F1AB7D0D4}
		{7CE697AD-839F-B847-BC0A-F03F91E19E18} = {62C2ACB6-5E8B-BCF3-0D11-149A6A7A939A}
		{A1935FF9-9743-416C-BD75-70B549DD36D7} = {7CE697AD-839F-B847-BC0A-F03F91E19E18}
		{DB053642-E1ED-4C9D-933D-8D4D653C389F} = {7CE697AD-839F-B847-BC0A-F03F91E19E18}
		{1E4AF814-2111-97AC-C2B3-FF6534D48967} = {62C2ACB6-5E8B-BCF3-0D11-149A6A7A939A}
		{52651CA3-DEBE-422B-A2D8-90934276295D} = {1E4AF814-2111-97AC-C2B3-FF6534D48967}
	EndGlobalSection
	GlobalSection(ExtensibilityGlobals) = postSolution
		SolutionGuid = {4EF52669-5A19-478C-A668-310E7DE89EBB}
	EndGlobalSection
EndGlobal
